// !$*UTF8*$!
{
	archiveVersion = 1;
	classes = {
	};
	objectVersion = 50;
	objects = {

/* Begin PBXBuildFile section */
		28CB6BEB2487FFDD000638CD /* Grid.swift in Sources */ = {isa = PBXBuildFile; fileRef = 28CB6BEA2487FFDD000638CD /* Grid.swift */; };
		28CB6BED248839FB000638CD /* GridLayout.swift in Sources */ = {isa = PBXBuildFile; fileRef = 28CB6BEC248839FB000638CD /* GridLayout.swift */; };
		28CB6BF024883E2D000638CD /* Array+Identifiable.swift in Sources */ = {isa = PBXBuildFile; fileRef = 28CB6BEF24883E2D000638CD /* Array+Identifiable.swift */; };
		28CB6BF22488AFFB000638CD /* Array+Only.swift in Sources */ = {isa = PBXBuildFile; fileRef = 28CB6BF12488AFFB000638CD /* Array+Only.swift */; };
		28CB6BF42489991B000638CD /* Pie.swift in Sources */ = {isa = PBXBuildFile; fileRef = 28CB6BF32489991B000638CD /* Pie.swift */; };
		28CB6BF62489A377000638CD /* Cardify.swift in Sources */ = {isa = PBXBuildFile; fileRef = 28CB6BF52489A377000638CD /* Cardify.swift */; };
		D89AB4AB2474356E00A49683 /* AppDelegate.swift in Sources */ = {isa = PBXBuildFile; fileRef = D89AB4AA2474356E00A49683 /* AppDelegate.swift */; };
		D89AB4AD2474356E00A49683 /* SceneDelegate.swift in Sources */ = {isa = PBXBuildFile; fileRef = D89AB4AC2474356E00A49683 /* SceneDelegate.swift */; };
		D89AB4AF2474356E00A49683 /* EmojiMemoryGameView.swift in Sources */ = {isa = PBXBuildFile; fileRef = D89AB4AE2474356E00A49683 /* EmojiMemoryGameView.swift */; };
		D89AB4B12474357200A49683 /* Assets.xcassets in Resources */ = {isa = PBXBuildFile; fileRef = D89AB4B02474357200A49683 /* Assets.xcassets */; };
		D89AB4B42474357200A49683 /* Preview Assets.xcassets in Resources */ = {isa = PBXBuildFile; fileRef = D89AB4B32474357200A49683 /* Preview Assets.xcassets */; };
		D89AB4B72474357200A49683 /* LaunchScreen.storyboard in Resources */ = {isa = PBXBuildFile; fileRef = D89AB4B52474357200A49683 /* LaunchScreen.storyboard */; };
		D89AB4BF247486BE00A49683 /* MemoryGame.swift in Sources */ = {isa = PBXBuildFile; fileRef = D89AB4BE247486BE00A49683 /* MemoryGame.swift */; };
		D89AB4C12474874200A49683 /* EmojiMemoryGame.swift in Sources */ = {isa = PBXBuildFile; fileRef = D89AB4C02474874200A49683 /* EmojiMemoryGame.swift */; };
/* End PBXBuildFile section */

/* Begin PBXFileReference section */
		28CB6BEA2487FFDD000638CD /* Grid.swift */ = {isa = PBXFileReference; lastKnownFileType = sourcecode.swift; path = Grid.swift; sourceTree = "<group>"; };
		28CB6BEC248839FB000638CD /* GridLayout.swift */ = {isa = PBXFileReference; fileEncoding = 4; lastKnownFileType = sourcecode.swift; path = GridLayout.swift; sourceTree = "<group>"; };
		28CB6BEF24883E2D000638CD /* Array+Identifiable.swift */ = {isa = PBXFileReference; lastKnownFileType = sourcecode.swift; path = "Array+Identifiable.swift"; sourceTree = "<group>"; };
		28CB6BF12488AFFB000638CD /* Array+Only.swift */ = {isa = PBXFileReference; lastKnownFileType = sourcecode.swift; path = "Array+Only.swift"; sourceTree = "<group>"; };
		28CB6BF32489991B000638CD /* Pie.swift */ = {isa = PBXFileReference; lastKnownFileType = sourcecode.swift; path = Pie.swift; sourceTree = "<group>"; };
		28CB6BF52489A377000638CD /* Cardify.swift */ = {isa = PBXFileReference; lastKnownFileType = sourcecode.swift; path = Cardify.swift; sourceTree = "<group>"; };
		D89AB4A72474356E00A49683 /* Memorize.app */ = {isa = PBXFileReference; explicitFileType = wrapper.application; includeInIndex = 0; path = Memorize.app; sourceTree = BUILT_PRODUCTS_DIR; };
		D89AB4AA2474356E00A49683 /* AppDelegate.swift */ = {isa = PBXFileReference; lastKnownFileType = sourcecode.swift; path = AppDelegate.swift; sourceTree = "<group>"; };
		D89AB4AC2474356E00A49683 /* SceneDelegate.swift */ = {isa = PBXFileReference; lastKnownFileType = sourcecode.swift; path = SceneDelegate.swift; sourceTree = "<group>"; };
		D89AB4AE2474356E00A49683 /* EmojiMemoryGameView.swift */ = {isa = PBXFileReference; lastKnownFileType = sourcecode.swift; path = EmojiMemoryGameView.swift; sourceTree = "<group>"; };
		D89AB4B02474357200A49683 /* Assets.xcassets */ = {isa = PBXFileReference; lastKnownFileType = folder.assetcatalog; path = Assets.xcassets; sourceTree = "<group>"; };
		D89AB4B32474357200A49683 /* Preview Assets.xcassets */ = {isa = PBXFileReference; lastKnownFileType = folder.assetcatalog; path = "Preview Assets.xcassets"; sourceTree = "<group>"; };
		D89AB4B62474357200A49683 /* Base */ = {isa = PBXFileReference; lastKnownFileType = file.storyboard; name = Base; path = Base.lproj/LaunchScreen.storyboard; sourceTree = "<group>"; };
		D89AB4B82474357200A49683 /* Info.plist */ = {isa = PBXFileReference; lastKnownFileType = text.plist.xml; path = Info.plist; sourceTree = "<group>"; };
		D89AB4BE247486BE00A49683 /* MemoryGame.swift */ = {isa = PBXFileReference; lastKnownFileType = sourcecode.swift; path = MemoryGame.swift; sourceTree = "<group>"; };
		D89AB4C02474874200A49683 /* EmojiMemoryGame.swift */ = {isa = PBXFileReference; lastKnownFileType = sourcecode.swift; path = EmojiMemoryGame.swift; sourceTree = "<group>"; };
/* End PBXFileReference section */

/* Begin PBXFrameworksBuildPhase section */
		D89AB4A42474356E00A49683 /* Frameworks */ = {
			isa = PBXFrameworksBuildPhase;
			buildActionMask = 2147483647;
			files = (
			);
			runOnlyForDeploymentPostprocessing = 0;
		};
/* End PBXFrameworksBuildPhase section */

/* Begin PBXGroup section */
		286C7D502486DDE600D52598 /* Application */ = {
			isa = PBXGroup;
			children = (
				286C7D532486DE1000D52598 /* Game */,
				286C7D522486DE0300D52598 /* Config */,
			);
			path = Application;
			sourceTree = "<group>";
		};
		286C7D512486DDEE00D52598 /* SupportingFiles */ = {
			isa = PBXGroup;
			children = (
				D89AB4B02474357200A49683 /* Assets.xcassets */,
				D89AB4B52474357200A49683 /* LaunchScreen.storyboard */,
				D89AB4B82474357200A49683 /* Info.plist */,
			);
			path = SupportingFiles;
			sourceTree = "<group>";
		};
		286C7D522486DE0300D52598 /* Config */ = {
			isa = PBXGroup;
			children = (
				D89AB4AA2474356E00A49683 /* AppDelegate.swift */,
				D89AB4AC2474356E00A49683 /* SceneDelegate.swift */,
			);
			path = Config;
			sourceTree = "<group>";
		};
		286C7D532486DE1000D52598 /* Game */ = {
			isa = PBXGroup;
			children = (
				D89AB4BE247486BE00A49683 /* MemoryGame.swift */,
				D89AB4C02474874200A49683 /* EmojiMemoryGame.swift */,
				D89AB4AE2474356E00A49683 /* EmojiMemoryGameView.swift */,
				28CB6BEA2487FFDD000638CD /* Grid.swift */,
				28CB6BEC248839FB000638CD /* GridLayout.swift */,
				28CB6BF32489991B000638CD /* Pie.swift */,
				28CB6BF52489A377000638CD /* Cardify.swift */,
			);
			path = Game;
			sourceTree = "<group>";
		};
		28CB6BEE24883E10000638CD /* Utilities */ = {
			isa = PBXGroup;
			children = (
				28CB6BEF24883E2D000638CD /* Array+Identifiable.swift */,
				28CB6BF12488AFFB000638CD /* Array+Only.swift */,
			);
			path = Utilities;
			sourceTree = "<group>";
		};
		D89AB49E2474356E00A49683 = {
			isa = PBXGroup;
			children = (
				D89AB4A92474356E00A49683 /* Memorize */,
				D89AB4A82474356E00A49683 /* Products */,
			);
			sourceTree = "<group>";
		};
		D89AB4A82474356E00A49683 /* Products */ = {
			isa = PBXGroup;
			children = (
				D89AB4A72474356E00A49683 /* Memorize.app */,
			);
			name = Products;
			sourceTree = "<group>";
		};
		D89AB4A92474356E00A49683 /* Memorize */ = {
			isa = PBXGroup;
			children = (
				28CB6BEE24883E10000638CD /* Utilities */,
				286C7D512486DDEE00D52598 /* SupportingFiles */,
				286C7D502486DDE600D52598 /* Application */,
				D89AB4B22474357200A49683 /* Preview Content */,
			);
			path = Memorize;
			sourceTree = "<group>";
		};
		D89AB4B22474357200A49683 /* Preview Content */ = {
			isa = PBXGroup;
			children = (
				D89AB4B32474357200A49683 /* Preview Assets.xcassets */,
			);
			path = "Preview Content";
			sourceTree = "<group>";
		};
/* End PBXGroup section */

/* Begin PBXNativeTarget section */
		D89AB4A62474356E00A49683 /* Memorize */ = {
			isa = PBXNativeTarget;
			buildConfigurationList = D89AB4BB2474357300A49683 /* Build configuration list for PBXNativeTarget "Memorize" */;
			buildPhases = (
				D89AB4A32474356E00A49683 /* Sources */,
				D89AB4A42474356E00A49683 /* Frameworks */,
				D89AB4A52474356E00A49683 /* Resources */,
			);
			buildRules = (
			);
			dependencies = (
			);
			name = Memorize;
			productName = Memorize;
			productReference = D89AB4A72474356E00A49683 /* Memorize.app */;
			productType = "com.apple.product-type.application";
		};
/* End PBXNativeTarget section */

/* Begin PBXProject section */
		D89AB49F2474356E00A49683 /* Project object */ = {
			isa = PBXProject;
			attributes = {
				LastSwiftUpdateCheck = 1140;
				LastUpgradeCheck = 1140;
				ORGANIZATIONNAME = "Marcos Felipe Souza";
				TargetAttributes = {
					D89AB4A62474356E00A49683 = {
						CreatedOnToolsVersion = 11.4;
					};
				};
			};
			buildConfigurationList = D89AB4A22474356E00A49683 /* Build configuration list for PBXProject "Memorize" */;
			compatibilityVersion = "Xcode 9.3";
			developmentRegion = en;
			hasScannedForEncodings = 0;
			knownRegions = (
				en,
				Base,
			);
			mainGroup = D89AB49E2474356E00A49683;
			productRefGroup = D89AB4A82474356E00A49683 /* Products */;
			projectDirPath = "";
			projectRoot = "";
			targets = (
				D89AB4A62474356E00A49683 /* Memorize */,
			);
		};
/* End PBXProject section */

/* Begin PBXResourcesBuildPhase section */
		D89AB4A52474356E00A49683 /* Resources */ = {
			isa = PBXResourcesBuildPhase;
			buildActionMask = 2147483647;
			files = (
				D89AB4B72474357200A49683 /* LaunchScreen.storyboard in Resources */,
				D89AB4B42474357200A49683 /* Preview Assets.xcassets in Resources */,
				D89AB4B12474357200A49683 /* Assets.xcassets in Resources */,
			);
			runOnlyForDeploymentPostprocessing = 0;
		};
/* End PBXResourcesBuildPhase section */

/* Begin PBXSourcesBuildPhase section */
		D89AB4A32474356E00A49683 /* Sources */ = {
			isa = PBXSourcesBuildPhase;
			buildActionMask = 2147483647;
			files = (
				28CB6BF62489A377000638CD /* Cardify.swift in Sources */,
				28CB6BF42489991B000638CD /* Pie.swift in Sources */,
				D89AB4AB2474356E00A49683 /* AppDelegate.swift in Sources */,
				D89AB4AD2474356E00A49683 /* SceneDelegate.swift in Sources */,
				D89AB4BF247486BE00A49683 /* MemoryGame.swift in Sources */,
				28CB6BF22488AFFB000638CD /* Array+Only.swift in Sources */,
				D89AB4AF2474356E00A49683 /* EmojiMemoryGameView.swift in Sources */,
				D89AB4C12474874200A49683 /* EmojiMemoryGame.swift in Sources */,
				28CB6BF024883E2D000638CD /* Array+Identifiable.swift in Sources */,
				28CB6BED248839FB000638CD /* GridLayout.swift in Sources */,
				28CB6BEB2487FFDD000638CD /* Grid.swift in Sources */,
			);
			runOnlyForDeploymentPostprocessing = 0;
		};
/* End PBXSourcesBuildPhase section */

/* Begin PBXVariantGroup section */
		D89AB4B52474357200A49683 /* LaunchScreen.storyboard */ = {
			isa = PBXVariantGroup;
			children = (
				D89AB4B62474357200A49683 /* Base */,
			);
			name = LaunchScreen.storyboard;
			sourceTree = "<group>";
		};
/* End PBXVariantGroup section */

/* Begin XCBuildConfiguration section */
		D89AB4B92474357200A49683 /* Debug */ = {
			isa = XCBuildConfiguration;
			buildSettings = {
				ALWAYS_SEARCH_USER_PATHS = NO;
				CLANG_ANALYZER_NONNULL = YES;
				CLANG_ANALYZER_NUMBER_OBJECT_CONVERSION = YES_AGGRESSIVE;
				CLANG_CXX_LANGUAGE_STANDARD = "gnu++14";
				CLANG_CXX_LIBRARY = "libc++";
				CLANG_ENABLE_MODULES = YES;
				CLANG_ENABLE_OBJC_ARC = YES;
				CLANG_ENABLE_OBJC_WEAK = YES;
				CLANG_WARN_BLOCK_CAPTURE_AUTORELEASING = YES;
				CLANG_WARN_BOOL_CONVERSION = YES;
				CLANG_WARN_COMMA = YES;
				CLANG_WARN_CONSTANT_CONVERSION = YES;
				CLANG_WARN_DEPRECATED_OBJC_IMPLEMENTATIONS = YES;
				CLANG_WARN_DIRECT_OBJC_ISA_USAGE = YES_ERROR;
				CLANG_WARN_DOCUMENTATION_COMMENTS = YES;
				CLANG_WARN_EMPTY_BODY = YES;
				CLANG_WARN_ENUM_CONVERSION = YES;
				CLANG_WARN_INFINITE_RECURSION = YES;
				CLANG_WARN_INT_CONVERSION = YES;
				CLANG_WARN_NON_LITERAL_NULL_CONVERSION = YES;
				CLANG_WARN_OBJC_IMPLICIT_RETAIN_SELF = YES;
				CLANG_WARN_OBJC_LITERAL_CONVERSION = YES;
				CLANG_WARN_OBJC_ROOT_CLASS = YES_ERROR;
				CLANG_WARN_RANGE_LOOP_ANALYSIS = YES;
				CLANG_WARN_STRICT_PROTOTYPES = YES;
				CLANG_WARN_SUSPICIOUS_MOVE = YES;
				CLANG_WARN_UNGUARDED_AVAILABILITY = YES_AGGRESSIVE;
				CLANG_WARN_UNREACHABLE_CODE = YES;
				CLANG_WARN__DUPLICATE_METHOD_MATCH = YES;
				COPY_PHASE_STRIP = NO;
				DEBUG_INFORMATION_FORMAT = dwarf;
				ENABLE_STRICT_OBJC_MSGSEND = YES;
				ENABLE_TESTABILITY = YES;
				GCC_C_LANGUAGE_STANDARD = gnu11;
				GCC_DYNAMIC_NO_PIC = NO;
				GCC_NO_COMMON_BLOCKS = YES;
				GCC_OPTIMIZATION_LEVEL = 0;
				GCC_PREPROCESSOR_DEFINITIONS = (
					"DEBUG=1",
					"$(inherited)",
				);
				GCC_WARN_64_TO_32_BIT_CONVERSION = YES;
				GCC_WARN_ABOUT_RETURN_TYPE = YES_ERROR;
				GCC_WARN_UNDECLARED_SELECTOR = YES;
				GCC_WARN_UNINITIALIZED_AUTOS = YES_AGGRESSIVE;
				GCC_WARN_UNUSED_FUNCTION = YES;
				GCC_WARN_UNUSED_VARIABLE = YES;
				IPHONEOS_DEPLOYMENT_TARGET = 13.4;
				MTL_ENABLE_DEBUG_INFO = INCLUDE_SOURCE;
				MTL_FAST_MATH = YES;
				ONLY_ACTIVE_ARCH = YES;
				SDKROOT = iphoneos;
				SWIFT_ACTIVE_COMPILATION_CONDITIONS = DEBUG;
				SWIFT_OPTIMIZATION_LEVEL = "-Onone";
			};
			name = Debug;
		};
		D89AB4BA2474357200A49683 /* Release */ = {
			isa = XCBuildConfiguration;
			buildSettings = {
				ALWAYS_SEARCH_USER_PATHS = NO;
				CLANG_ANALYZER_NONNULL = YES;
				CLANG_ANALYZER_NUMBER_OBJECT_CONVERSION = YES_AGGRESSIVE;
				CLANG_CXX_LANGUAGE_STANDARD = "gnu++14";
				CLANG_CXX_LIBRARY = "libc++";
				CLANG_ENABLE_MODULES = YES;
				CLANG_ENABLE_OBJC_ARC = YES;
				CLANG_ENABLE_OBJC_WEAK = YES;
				CLANG_WARN_BLOCK_CAPTURE_AUTORELEASING = YES;
				CLANG_WARN_BOOL_CONVERSION = YES;
				CLANG_WARN_COMMA = YES;
				CLANG_WARN_CONSTANT_CONVERSION = YES;
				CLANG_WARN_DEPRECATED_OBJC_IMPLEMENTATIONS = YES;
				CLANG_WARN_DIRECT_OBJC_ISA_USAGE = YES_ERROR;
				CLANG_WARN_DOCUMENTATION_COMMENTS = YES;
				CLANG_WARN_EMPTY_BODY = YES;
				CLANG_WARN_ENUM_CONVERSION = YES;
				CLANG_WARN_INFINITE_RECURSION = YES;
				CLANG_WARN_INT_CONVERSION = YES;
				CLANG_WARN_NON_LITERAL_NULL_CONVERSION = YES;
				CLANG_WARN_OBJC_IMPLICIT_RETAIN_SELF = YES;
				CLANG_WARN_OBJC_LITERAL_CONVERSION = YES;
				CLANG_WARN_OBJC_ROOT_CLASS = YES_ERROR;
				CLANG_WARN_RANGE_LOOP_ANALYSIS = YES;
				CLANG_WARN_STRICT_PROTOTYPES = YES;
				CLANG_WARN_SUSPICIOUS_MOVE = YES;
				CLANG_WARN_UNGUARDED_AVAILABILITY = YES_AGGRESSIVE;
				CLANG_WARN_UNREACHABLE_CODE = YES;
				CLANG_WARN__DUPLICATE_METHOD_MATCH = YES;
				COPY_PHASE_STRIP = NO;
				DEBUG_INFORMATION_FORMAT = "dwarf-with-dsym";
				ENABLE_NS_ASSERTIONS = NO;
				ENABLE_STRICT_OBJC_MSGSEND = YES;
				GCC_C_LANGUAGE_STANDARD = gnu11;
				GCC_NO_COMMON_BLOCKS = YES;
				GCC_WARN_64_TO_32_BIT_CONVERSION = YES;
				GCC_WARN_ABOUT_RETURN_TYPE = YES_ERROR;
				GCC_WARN_UNDECLARED_SELECTOR = YES;
				GCC_WARN_UNINITIALIZED_AUTOS = YES_AGGRESSIVE;
				GCC_WARN_UNUSED_FUNCTION = YES;
				GCC_WARN_UNUSED_VARIABLE = YES;
				IPHONEOS_DEPLOYMENT_TARGET = 13.4;
				MTL_ENABLE_DEBUG_INFO = NO;
				MTL_FAST_MATH = YES;
				SDKROOT = iphoneos;
				SWIFT_COMPILATION_MODE = wholemodule;
				SWIFT_OPTIMIZATION_LEVEL = "-O";
				VALIDATE_PRODUCT = YES;
			};
			name = Release;
		};
		D89AB4BC2474357300A49683 /* Debug */ = {
			isa = XCBuildConfiguration;
			buildSettings = {
				ASSETCATALOG_COMPILER_APPICON_NAME = AppIcon;
				CODE_SIGN_STYLE = Automatic;
				DEVELOPMENT_ASSET_PATHS = "\"Memorize/Preview Content\"";
				DEVELOPMENT_TEAM = V2686JM7D9;
				ENABLE_PREVIEWS = YES;
				INFOPLIST_FILE = Memorize/SupportingFiles/Info.plist;
				LD_RUNPATH_SEARCH_PATHS = (
					"$(inherited)",
					"@executable_path/Frameworks",
				);
				PRODUCT_BUNDLE_IDENTIFIER = br.com.mfelipesp.Memorize;
				PRODUCT_NAME = "$(TARGET_NAME)";
				SWIFT_VERSION = 5.0;
				TARGETED_DEVICE_FAMILY = "1,2";
			};
			name = Debug;
		};
		D89AB4BD2474357300A49683 /* Release */ = {
			isa = XCBuildConfiguration;
			buildSettings = {
				ASSETCATALOG_COMPILER_APPICON_NAME = AppIcon;
				CODE_SIGN_STYLE = Automatic;
				DEVELOPMENT_ASSET_PATHS = "\"Memorize/Preview Content\"";
				DEVELOPMENT_TEAM = V2686JM7D9;
				ENABLE_PREVIEWS = YES;
				INFOPLIST_FILE = Memorize/SupportingFiles/Info.plist;
				LD_RUNPATH_SEARCH_PATHS = (
					"$(inherited)",
					"@executable_path/Frameworks",
				);
				PRODUCT_BUNDLE_IDENTIFIER = br.com.mfelipesp.Memorize;
				PRODUCT_NAME = "$(TARGET_NAME)";
				SWIFT_VERSION = 5.0;
				TARGETED_DEVICE_FAMILY = "1,2";
			};
			name = Release;
		};
/* End XCBuildConfiguration section */

/* Begin XCConfigurationList section */
		D89AB4A22474356E00A49683 /* Build configuration list for PBXProject "Memorize" */ = {
			isa = XCConfigurationList;
			buildConfigurations = (
				D89AB4B92474357200A49683 /* Debug */,
				D89AB4BA2474357200A49683 /* Release */,
			);
			defaultConfigurationIsVisible = 0;
			defaultConfigurationName = Release;
		};
		D89AB4BB2474357300A49683 /* Build configuration list for PBXNativeTarget "Memorize" */ = {
			isa = XCConfigurationList;
			buildConfigurations = (
				D89AB4BC2474357300A49683 /* Debug */,
				D89AB4BD2474357300A49683 /* Release */,
			);
			defaultConfigurationIsVisible = 0;
			defaultConfigurationName = Release;
		};
/* End XCConfigurationList section */
	};
	rootObject = D89AB49F2474356E00A49683 /* Project object */;
}
